<?xml version="1.0" encoding="utf-8"?>
<Project ToolsVersion="4.0" xmlns="http://schemas.microsoft.com/developer/msbuild/2003">
  <ItemGroup>
    <Filter Include="资源文件">
      <UniqueIdentifier>{67DA6AB6-F800-4c08-8B7A-83BB121AAD01}</UniqueIdentifier>
      <Extensions>rc;ico;cur;bmp;dlg;rc2;rct;bin;rgs;gif;jpg;jpeg;jpe;resx;tiff;tif;png;wav;mfcribbon-ms</Extensions>
    </Filter>
    <Filter Include="Lex">
      <UniqueIdentifier>{39130051-0450-44fd-9ed5-b4ee675645e4}</UniqueIdentifier>
    </Filter>
    <Filter Include="Logger">
      <UniqueIdentifier>{7a984e93-bb30-4d80-b4c5-655cd93fe07a}</UniqueIdentifier>
    </Filter>
    <Filter Include="AssemblyGeneration">
      <UniqueIdentifier>{e5379895-a935-4f65-9384-dd13ecb995c0}</UniqueIdentifier>
    </Filter>
    <Filter Include="Parser">
      <UniqueIdentifier>{a325ef6d-9979-4563-ac7b-d625bc91878e}</UniqueIdentifier>
    </Filter>
    <Filter Include="AST">
      <UniqueIdentifier>{40878daa-7fcf-4bbd-8a0f-5ff0eb3411b8}</UniqueIdentifier>
    </Filter>
    <Filter Include="IR">
      <UniqueIdentifier>{e713672d-064c-419a-903c-87bc85dac6c2}</UniqueIdentifier>
    </Filter>
  </ItemGroup>
  <ItemGroup>
    <ClCompile Include="main.cpp" />
    <ClCompile Include="LexParser.cpp">
      <Filter>Lex</Filter>
    </ClCompile>
    <ClCompile Include="Logger.cpp">
      <Filter>Logger</Filter>
    </ClCompile>
    <ClCompile Include="AssemblyGeneration.cpp">
      <Filter>AssemblyGeneration</Filter>
    </ClCompile>
    <ClCompile Include="Parser.cpp">
      <Filter>Parser</Filter>
    </ClCompile>
    <ClCompile Include="ASTUtils.cpp">
      <Filter>AST</Filter>
    </ClCompile>
  </ItemGroup>
  <ItemGroup>
    <ClInclude Include="Lex.h">
      <Filter>Lex</Filter>
    </ClInclude>
    <ClInclude Include="LexParser.h">
      <Filter>Lex</Filter>
    </ClInclude>
    <ClInclude Include="Logger.h">
      <Filter>Logger</Filter>
    </ClInclude>
    <ClInclude Include="AssemblyGeneration.h">
      <Filter>AssemblyGeneration</Filter>
    </ClInclude>
    <ClInclude Include="Parser.h">
      <Filter>Parser</Filter>
    </ClInclude>
    <ClInclude Include="ASTUtils.h">
      <Filter>AST</Filter>
    </ClInclude>
    <ClInclude Include="IR.h">
      <Filter>IR</Filter>
    </ClInclude>
  </ItemGroup>
</Project>